<?xml version="1.0" encoding="utf-8"?>
<Project ToolsVersion="4.0" xmlns="http://schemas.microsoft.com/developer/msbuild/2003">
  <ItemGroup>
    <Filter Include="Source Files">
      <UniqueIdentifier>{4FC737F1-C7A5-4376-A066-2A32D752A2FF}</UniqueIdentifier>
      <Extensions>cpp;c;cc;cxx;c++;cppm;ixx;def;odl;idl;hpj;bat;asm;asmx</Extensions>
    </Filter>
    <Filter Include="Header Files">
      <UniqueIdentifier>{93995380-89BD-4b04-88EB-625FBE52EBFB}</UniqueIdentifier>
      <Extensions>h;hh;hpp;hxx;h++;hm;inl;inc;ipp;xsd</Extensions>
    </Filter>
    <Filter Include="Resource Files">
      <UniqueIdentifier>{67DA6AB6-F800-4c08-8B7A-83BB121AAD01}</UniqueIdentifier>
      <Extensions>rc;ico;cur;bmp;dlg;rc2;rct;bin;rgs;gif;jpg;jpeg;jpe;resx;tiff;tif;png;wav;mfcribbon-ms</Extensions>
    </Filter>
    <Filter Include="Header Files\Scripts">
      <UniqueIdentifier>{458e49ce-dc49-4209-93ff-b557ebc9d4c7}</UniqueIdentifier>
    </Filter>
    <Filter Include="Header Files\UIElements">
      <UniqueIdentifier>{da02c13b-1305-4a0e-80be-1adc7eb59aef}</UniqueIdentifier>
    </Filter>
    <Filter Include="Header Files\Editor">
      <UniqueIdentifier>{b2294cea-2225-496b-b866-4d855dd2029a}</UniqueIdentifier>
    </Filter>
    <Filter Include="Header Files\Engine">
      <UniqueIdentifier>{7ad404d7-65ca-4180-907d-b8328472668d}</UniqueIdentifier>
    </Filter>
    <Filter Include="Source Files\Engine">
      <UniqueIdentifier>{e2bfae71-2a92-4617-b78d-46eaa5a79ee1}</UniqueIdentifier>
    </Filter>
    <Filter Include="Source Files\Scripts">
      <UniqueIdentifier>{c9f6d0ae-75c6-4200-864d-cef71cf0487a}</UniqueIdentifier>
    </Filter>
    <Filter Include="Source Files\UIElements">
      <UniqueIdentifier>{a306dbbf-b55c-481b-8c9d-b38ac9ee2b21}</UniqueIdentifier>
    </Filter>
    <Filter Include="Source Files\Editor">
      <UniqueIdentifier>{d7c83114-8c34-4ad6-b4f9-5e853e8ba653}</UniqueIdentifier>
    </Filter>
  </ItemGroup>
  <ItemGroup>
    <ClCompile Include="PO Game Engine.cpp">
      <Filter>Source Files</Filter>
    </ClCompile>
    <ClCompile Include="Utility.cpp">
      <Filter>Source Files\Engine</Filter>
    </ClCompile>
    <ClCompile Include="GameTime.cpp">
      <Filter>Source Files\Engine</Filter>
    </ClCompile>
    <ClCompile Include="Collider.cpp">
      <Filter>Source Files\Engine</Filter>
    </ClCompile>
    <ClCompile Include="GameObject.cpp">
      <Filter>Source Files\Engine</Filter>
    </ClCompile>
    <ClCompile Include="TestScript.cpp">
      <Filter>Source Files\Scripts</Filter>
    </ClCompile>
    <ClCompile Include="Scene.cpp">
      <Filter>Source Files\Engine</Filter>
    </ClCompile>
    <ClCompile Include="Game.cpp">
      <Filter>Source Files\Engine</Filter>
    </ClCompile>
    <ClCompile Include="FollowMouseScript.cpp">
      <Filter>Source Files\Scripts</Filter>
    </ClCompile>
    <ClCompile Include="InputField.cpp">
      <Filter>Source Files\UIElements</Filter>
    </ClCompile>
    <ClCompile Include="Button.cpp">
      <Filter>Source Files\UIElements</Filter>
    </ClCompile>
    <ClCompile Include="EditorWindow.cpp">
      <Filter>Source Files\Editor</Filter>
    </ClCompile>
    <ClCompile Include="ColorPicker.cpp">
      <Filter>Source Files\Editor</Filter>
    </ClCompile>
    <ClCompile Include="ImageField.cpp">
      <Filter>Source Files\UIElements</Filter>
    </ClCompile>
    <ClCompile Include="EditableColor.cpp">
      <Filter>Source Files\UIElements</Filter>
    </ClCompile>
    <ClCompile Include="HierarchyWindow.cpp">
      <Filter>Source Files\Editor</Filter>
    </ClCompile>
    <ClCompile Include="InspectorWindow.cpp">
      <Filter>Source Files\Editor</Filter>
    </ClCompile>
    <ClCompile Include="Gizmo.cpp">
      <Filter>Source Files\Editor</Filter>
    </ClCompile>
    <ClCompile Include="FileNode.cpp">
      <Filter>Source Files\Editor</Filter>
    </ClCompile>
    <ClCompile Include="GameFilesWindow.cpp">
      <Filter>Source Files\Editor</Filter>
    </ClCompile>
    <ClCompile Include="TopBarWindow.cpp">
      <Filter>Source Files\Editor</Filter>
    </ClCompile>
    <ClCompile Include="CheckBox.cpp">
      <Filter>Source Files\UIElements</Filter>
    </ClCompile>
    <ClCompile Include="Dropdown.cpp">
      <Filter>Source Files\UIElements</Filter>
    </ClCompile>
    <ClCompile Include="Camera.cpp">
      <Filter>Source Files\Engine</Filter>
    </ClCompile>
    <ClCompile Include="EditorTextureManager.cpp">
      <Filter>Source Files\Editor</Filter>
    </ClCompile>
    <ClCompile Include="KeyBindField.cpp">
      <Filter>Source Files\UIElements</Filter>
    </ClCompile>
    <ClCompile Include="TextScript.cpp">
      <Filter>Source Files\Scripts</Filter>
    </ClCompile>
    <ClCompile Include="KeyboardMoveScript.cpp">
      <Filter>Source Files\Scripts</Filter>
    </ClCompile>
    <ClCompile Include="PongBallScript.cpp">
      <Filter>Source Files\Scripts</Filter>
    </ClCompile>
    <ClCompile Include="SpawnerScript.cpp">
      <Filter>Source Files\Scripts</Filter>
    </ClCompile>
    <ClCompile Include="HoleyCastleEnemyScript.cpp">
      <Filter>Source Files\Scripts</Filter>
    </ClCompile>
    <ClCompile Include="HoleyCastleMainScript.cpp">
      <Filter>Source Files\Scripts</Filter>
    </ClCompile>
  </ItemGroup>
  <ItemGroup>
    <ClInclude Include="TestScript.h">
      <Filter>Header Files\Scripts</Filter>
    </ClInclude>
    <ClInclude Include="FollowMouseScript.h">
      <Filter>Header Files\Scripts</Filter>
    </ClInclude>
    <ClInclude Include="InputField.h">
      <Filter>Header Files\UIElements</Filter>
    </ClInclude>
    <ClInclude Include="Button.h">
      <Filter>Header Files\UIElements</Filter>
    </ClInclude>
    <ClInclude Include="EditorWindow.h">
      <Filter>Header Files\Editor</Filter>
    </ClInclude>
    <ClInclude Include="BehaviourScript.h">
      <Filter>Header Files\Engine</Filter>
    </ClInclude>
    <ClInclude Include="Collider.h">
      <Filter>Header Files\Engine</Filter>
    </ClInclude>
    <ClInclude Include="Game.h">
      <Filter>Header Files\Engine</Filter>
    </ClInclude>
    <ClInclude Include="GameObject.h">
      <Filter>Header Files\Engine</Filter>
    </ClInclude>
    <ClInclude Include="GameTIme.h">
      <Filter>Header Files\Engine</Filter>
    </ClInclude>
    <ClInclude Include="Scene.h">
      <Filter>Header Files\Engine</Filter>
    </ClInclude>
    <ClInclude Include="Utility.h">
      <Filter>Header Files\Engine</Filter>
    </ClInclude>
    <ClInclude Include="ColorPicker.h">
      <Filter>Header Files\Editor</Filter>
    </ClInclude>
    <ClInclude Include="ImageField.h">
      <Filter>Header Files\UIElements</Filter>
    </ClInclude>
    <ClInclude Include="EditableColor.h">
      <Filter>Header Files\UIElements</Filter>
    </ClInclude>
    <ClInclude Include="InspectorWindow.h">
      <Filter>Header Files\Editor</Filter>
    </ClInclude>
    <ClInclude Include="HierarchyWindow.h">
      <Filter>Header Files\Editor</Filter>
    </ClInclude>
    <ClInclude Include="Gizmo.h">
      <Filter>Header Files\Editor</Filter>
    </ClInclude>
    <ClInclude Include="FileNode.h">
      <Filter>Header Files\Editor</Filter>
    </ClInclude>
    <ClInclude Include="GameFilesWindow.h">
      <Filter>Header Files\Editor</Filter>
    </ClInclude>
    <ClInclude Include="TopBarWindow.h">
      <Filter>Header Files\Editor</Filter>
    </ClInclude>
    <ClInclude Include="CheckBox.h">
      <Filter>Header Files\UIElements</Filter>
    </ClInclude>
    <ClInclude Include="Dropdown.h">
      <Filter>Header Files\UIElements</Filter>
    </ClInclude>
    <ClInclude Include="DebugMacro.h">
      <Filter>Header Files\Engine</Filter>
    </ClInclude>
    <ClInclude Include="Camera.h">
      <Filter>Header Files\Engine</Filter>
    </ClInclude>
    <ClInclude Include="Singleton.h">
      <Filter>Header Files\Engine</Filter>
    </ClInclude>
    <ClInclude Include="EditorTextureManager.h">
      <Filter>Header Files\Editor</Filter>
    </ClInclude>
    <ClInclude Include="KeyBindField.h">
      <Filter>Header Files\UIElements</Filter>
    </ClInclude>
    <ClInclude Include="TextScript.h">
      <Filter>Header Files\Scripts</Filter>
    </ClInclude>
    <ClInclude Include="KeyboardMoveScript.h">
      <Filter>Header Files\Scripts</Filter>
    </ClInclude>
    <ClInclude Include="PongBallScript.h">
      <Filter>Header Files\Scripts</Filter>
    </ClInclude>
    <ClInclude Include="SpawnerScript.h">
      <Filter>Header Files\Scripts</Filter>
    </ClInclude>
    <ClInclude Include="HoleyCastleEnemyScript.h">
      <Filter>Header Files\Scripts</Filter>
    </ClInclude>
    <ClInclude Include="HoleyCastleMainScript.h">
      <Filter>Header Files\Scripts</Filter>
    </ClInclude>
  </ItemGroup>
</Project>